{
    "name": "atlas-ui-framework",
    "version": "2.7.1",
    "lockfileVersion": 1,
    "requires": true,
    "dependencies": {
        "@types/prop-types": {
            "version": "15.7.3",
            "resolved": "https://registry.npmjs.org/@types/prop-types/-/prop-types-15.7.3.tgz",
            "integrity": "sha512-KfRL3PuHmqQLOG+2tGpRO26Ctg+Cq1E01D2DMriKEATHgWLfeNDmq9e29Q9WIky0dQ3NPkd1mzYH8Lm936Z9qw==",
            "dev": true
        },
        "@types/react": {
            "version": "17.0.2",
            "resolved": "https://registry.npmjs.org/@types/react/-/react-17.0.2.tgz",
            "integrity": "sha512-Xt40xQsrkdvjn1EyWe1Bc0dJLcil/9x2vAuW7ya+PuQip4UYUaXyhzWmAbwRsdMgwOFHpfp7/FFZebDU6Y8VHA==",
            "dev": true,
            "requires": {
                "@types/prop-types": "*",
                "csstype": "^3.0.2"
            }
        },
        "@types/react-native": {
            "version": "0.61.23",
            "resolved": "https://registry.npmjs.org/@types/react-native/-/react-native-0.61.23.tgz",
            "integrity": "sha512-upHmySsrVBDBokWWhYIKkKnpvadsHdioSjbBTu4xl7fjN0yb94KR5ngUOBXsyqAYqQzF+hP6qpvobG9M7Jr6hw==",
            "dev": true,
            "requires": {
                "@types/react": "*"
            }
        },
        "csstype": {
            "version": "3.0.7",
            "resolved": "https://registry.npmjs.org/csstype/-/csstype-3.0.7.tgz",
            "integrity": "sha512-KxnUB0ZMlnUWCsx2Z8MUsr6qV6ja1w9ArPErJaJaF8a5SOWoHLIszeCTKGRGRgtLgYrs1E8CHkNSP1VZTTPc9g==",
            "dev": true
        },
        "react-native-device-info": {
            "version": "5.6.5",
            "resolved": "https://registry.npmjs.org/react-native-device-info/-/react-native-device-info-5.6.5.tgz",
            "integrity": "sha512-l457wv7gYXSRnm38AH+NpCgKYa1zxxfN0EL8mTBxo+TnasXtk0FZ86zWDLhm4eqpcSH8xpT/+z2MQrATfqCaoA==",
            "dev": true
        }
    }
}
